
Microsoft Visual Studio Solution File, Format Version 12.00
# Visual Studio Version 17
VisualStudioVersion = 17.7.34009.444
MinimumVisualStudioVersion = 10.0.40219.1
Project("{FAE04EC0-301F-11D3-BF4B-00C04F79EFBC}") = "PRS_GM", "PRS_GM\PRS_GM.csproj", "{85BAC54A-049E-406F-9D51-611D3BC2AEF0}"
EndProject
Global
	GlobalSection(SolutionConfigurationPlatforms) = preSolution
		Debug|Any CPU = Debug|Any CPU
		Release|Any CPU = Release|Any CPU
	EndGlobalSection
	GlobalSection(ProjectConfigurationPlatforms) = postSolution
		{85BAC54A-049E-406F-9D51-611D3BC2AEF0}.Debug|Any CPU.ActiveCfg = Debug|Any CPU
		{85BAC54A-049E-406F-9D51-611D3BC2AEF0}.Debug|Any CPU.Build.0 = Debug|Any CPU
		{85BAC54A-049E-406F-9D51-611D3BC2AEF0}.Release|Any CPU.ActiveCfg = Release|Any CPU
		{85BAC54A-049E-406F-9D51-611D3BC2AEF0}.Release|Any CPU.Build.0 = Release|Any CPU
	EndGlobalSection
	GlobalSection(SolutionProperties) = preSolution
		HideSolutionNode = FALSE
	EndGlobalSection
	GlobalSection(ExtensibilityGlobals) = postSolution
		SolutionGuid = {B88542D0-777C-4EDF-BFF3-253944D602C5}
	EndGlobalSection
EndGlobal
